#MicroXplorer Configuration settings - do not modify
Mcu.Family=STM32F0
PA6.GPIOParameters=GPIO_Label
STMicroelectronics.X-CUBE-NFC4.2.0.00.BSP.ip=GPIO
SH.GPXTI1.0=GPIO_EXTI1
ProjectManager.MainLocation=Core/Src
VP_STMicroelectronics.X-CUBE-NFC4_VS_BoardOoPartJjNFC_2.0.0.Mode=BoardOoPartJjNFC
STMicroelectronics.X-CUBE-NFC4.2.0.01.BSP.i2creg=
STMicroelectronics.X-CUBE-NFC4.2.0.00.BSP.name=ST25DV LPD PIN
RCC.USART1Freq_Value=48000000
ProjectManager.ProjectFileName=NFC_V0.2.ioc
I2C1.I2C_Speed_Mode=I2C_Fast
ProjectManager.KeepUserCode=true
Mcu.UserName=STM32F070F6Px
PA10.Mode=I2C
Mcu.PinsNb=11
STMicroelectronics.X-CUBE-NFC4.2.0.00.BSP.component=
STMicroelectronics.X-CUBE-NFC4.2.0.01.BSP.mode=I2C
ProjectManager.NoMain=false
STMicroelectronics.X-CUBE-NFC4.2.0.01.BSP.ip=I2C
VP_STMicroelectronics.X-CUBE-NFC4_VS_BoardOoSupportJjSTM32CubeIiCustomIiBSPIiDrivers_2.0.0.Signal=STMicroelectronics.X-CUBE-NFC4_VS_BoardOoSupportJjSTM32CubeIiCustomIiBSPIiDrivers_2.0.0
RCC.PLLCLKFreq_Value=48000000
STMicroelectronics.X-CUBE-NFC4.2.0.02.BSP.ip=GPIO
VP_IWDG_VS_IWDG.Mode=IWDG_Activate
STMicroelectronics.X-CUBE-NFC4.2.0.02.BSP.condition=SEMBoardOoSupportJjCustomJjNFCTAG
PA0.GPIO_Label=Relay
STMicroelectronics.X-CUBE-NFC4.2.0.01.BSP.api=BSP_BUS_DRIVER
ProjectManager.functionlistsort=1-MX_GPIO_Init-GPIO-false-HAL-true,2-SystemClock_Config-RCC-false-HAL-false,3-MX_IWDG_Init-IWDG-false-HAL-true
STMicroelectronics.X-CUBE-NFC4.2.0.0.STM32CubeIiCustomIiBSPIiDriversCcBoardOoSupportJjCustomJjNFCTAG=true
ProjectManager.DefaultFWLocation=true
PA6.GPIO_Label=LPD
STMicroelectronics.X-CUBE-NFC4.2.0.01.BSP.name=ST25DV BUS IO driver
NVIC.SVC_IRQn=true\:0\:0\:false\:false\:true\:false\:false
ProjectManager.DeletePrevious=true
STMicroelectronics.X-CUBE-NFC4.2.0.02.BSP.semaphore=
PinOutPanel.RotationAngle=0
RCC.FamilyName=M
RCC.SYSCLKSource=RCC_SYSCLKSOURCE_PLLCLK
ProjectManager.StackSize=0x400
Mcu.IP4=SYS
RCC.FCLKCortexFreq_Value=48000000
I2C1.IPParameters=I2C_Speed_Mode,Timing
Mcu.IP2=NVIC
Mcu.IP3=RCC
Mcu.IP0=I2C1
PA9.Mode=I2C
Mcu.IP1=IWDG
Mcu.UserConstants=
ProjectManager.TargetToolchain=STM32CubeIDE
Mcu.ThirdPartyNb=1
RCC.HCLKFreq_Value=48000000
Mcu.IPNb=5
ProjectManager.PreviousToolchain=STM32CubeIDE
PA9.Signal=I2C1_SCL
I2C1.Timing=0x0000020B
STMicroelectronics.X-CUBE-NFC4.2.0.0.BoardOoSupportJjSTM32CubeIiCustomIiBSPIiDrivers_Checked=true
Mcu.Pin6=PA10
STMicroelectronics.X-CUBE-NFC4.2.0.02.BSP.i2creg=
Mcu.Pin7=VP_IWDG_VS_IWDG
ProjectManager.RegisterCallBack=
Mcu.Pin8=VP_SYS_VS_Systick
Mcu.Pin9=VP_STMicroelectronics.X-CUBE-NFC4_VS_BoardOoPartJjNFC_2.0.0
RCC.USBOutputFreqValue=48000000
RCC.AHBFreq_Value=48000000
STMicroelectronics.X-CUBE-NFC4.2.0.0.BSP.number=3
VP_STMicroelectronics.X-CUBE-NFC4_VS_BoardOoSupportJjSTM32CubeIiCustomIiBSPIiDrivers_2.0.0.Mode=BoardOoSupportJjSTM32CubeIiCustomIiBSPIiDrivers
Mcu.Pin0=PF0-OSC_IN
PB1.Locked=true
Mcu.Pin1=PF1-OSC_OUT
PF0-OSC_IN.Mode=HSE-External-Oscillator
GPIO.groupedBy=Group By Peripherals
Mcu.Pin2=PA0
Mcu.Pin3=PA6
STMicroelectronics.X-CUBE-NFC4.2.0.00.BSP.i2creg=
Mcu.Pin4=PB1
Mcu.Pin5=PA9
ProjectManager.ProjectBuild=false
PA0.Locked=true
board=custom
STMicroelectronics.X-CUBE-NFC4.2.0.00.BSP.api=Unknown
NVIC.SysTick_IRQn=true\:0\:0\:false\:false\:true\:false\:true
ProjectManager.LastFirmware=false
RCC.PLLMUL=RCC_PLL_MUL6
RCC.VCOOutput2Freq_Value=8000000
STMicroelectronics.X-CUBE-NFC4.2.0.01.BSP.component=
ProjectManager.FirmwarePackage=STM32Cube FW_F0 V1.11.0
MxDb.Version=DB.6.0.0
Mcu.ThirdParty0=STMicroelectronics.X-CUBE-NFC4.2.0.0
STMicroelectronics.X-CUBE-NFC4.2.0.01.BSP.condition=(SEMBoardOoSupportJjCustomJjNFCTAG)
ProjectManager.BackupPrevious=false
MxCube.Version=6.0.1
STMicroelectronics.X-CUBE-NFC4.2.0.01.BSP.instance=I2C1
PB1.GPIO_Label=NFC_GPO
File.Version=6
VP_SYS_VS_Systick.Mode=SysTick
STMicroelectronics.X-CUBE-NFC4.2.0.0_SwParameter=STM32CubeIiCustomIiBSPIiDriversCcBoardOoSupportJjCustomJjNFCTAG\:true;NFCCcBoardOoPartJjNFC4JjST25DV\:true;
STMicroelectronics.X-CUBE-NFC4.2.0.01.BSP.solution=I2C1
NVIC.NonMaskableInt_IRQn=true\:0\:0\:false\:false\:true\:false\:false
NVIC.PendSV_IRQn=true\:0\:0\:false\:false\:true\:false\:false
VP_STMicroelectronics.X-CUBE-NFC4_VS_BoardOoPartJjNFC_2.0.0.Signal=STMicroelectronics.X-CUBE-NFC4_VS_BoardOoPartJjNFC_2.0.0
ProjectManager.FreePins=false
RCC.IPParameters=AHBFreq_Value,APB1Freq_Value,APB1TimFreq_Value,FCLKCortexFreq_Value,FamilyName,HCLKFreq_Value,PLLCLKFreq_Value,PLLMUL,SYSCLKFreq_VALUE,SYSCLKSource,TimSysFreq_Value,USART1Freq_Value,USBOutputFreqValue,VCOOutput2Freq_Value
STMicroelectronics.X-CUBE-NFC4.2.0.0.IPParameters=NFCCcBoardOoPartJjNFC4JjST25DV,STM32CubeIiCustomIiBSPIiDriversCcBoardOoSupportJjCustomJjNFCTAG
IWDG.IPParameters=Prescaler
ProjectManager.AskForMigrate=true
Mcu.Name=STM32F070F6Px
STMicroelectronics.X-CUBE-NFC4.2.0.02.BSP.STBoard=false
ProjectManager.HalAssertFull=false
STMicroelectronics.X-CUBE-NFC4.2.0.00.BSP.i2caddr=0
ProjectManager.ProjectName=NFC_V0.2
ProjectManager.UnderRoot=true
PA0.Signal=GPIO_Output
STMicroelectronics.X-CUBE-NFC4.2.0.0.NFCCcBoardOoPartJjNFC4JjST25DV=true
STMicroelectronics.X-CUBE-NFC4.2.0.0.BoardOoPartJjNFC_Checked=true
ProjectManager.CoupleFile=false
STMicroelectronics.X-CUBE-NFC4.2.0.02.BSP.name=ST25DV GPO PIN
RCC.SYSCLKFreq_VALUE=48000000
STMicroelectronics.X-CUBE-NFC4.2.0.02.BSP.i2caddr=0
Mcu.Package=TSSOP20
STMicroelectronics.X-CUBE-NFC4.2.0.01.BSP.i2caddr=0
PB1.Signal=GPXTI1
PA6.Signal=GPIO_Output
RCC.TimSysFreq_Value=48000000
STMicroelectronics.X-CUBE-NFC4.2.0.02.BSP.mode=EXTI
NVIC.ForceEnableDMAVector=true
KeepUserPlacement=false
ProjectManager.CompilerOptimize=6
ProjectManager.ToolChainLocation=
VP_SYS_VS_Systick.Signal=SYS_VS_Systick
VP_IWDG_VS_IWDG.Signal=IWDG_VS_IWDG
PA10.Signal=I2C1_SDA
ProjectManager.HeapSize=0x200
PA0.GPIOParameters=GPIO_Label
NVIC.HardFault_IRQn=true\:0\:0\:false\:false\:true\:false\:false
STMicroelectronics.X-CUBE-NFC4.2.0.00.BSP.instance=PA6
STMicroelectronics.X-CUBE-NFC4.2.0.01.BSP.semaphore=
STMicroelectronics.X-CUBE-NFC4.2.0.02.BSP.instance=PB1
STMicroelectronics.X-CUBE-NFC4.2.0.01.BSP.STBoard=false
ProjectManager.ComputerToolchain=false
STMicroelectronics.X-CUBE-NFC4.2.0.00.BSP.STBoard=false
STMicroelectronics.X-CUBE-NFC4.2.0.02.BSP.solution=PB1
Mcu.Pin10=VP_STMicroelectronics.X-CUBE-NFC4_VS_BoardOoSupportJjSTM32CubeIiCustomIiBSPIiDrivers_2.0.0
IWDG.Prescaler=IWDG_PRESCALER_8
STMicroelectronics.X-CUBE-NFC4.2.0.02.BSP.api=HAL_EXTI_DRIVER
RCC.APB1TimFreq_Value=48000000
STMicroelectronics.X-CUBE-NFC4.2.0.02.BSP.component=
STMicroelectronics.X-CUBE-NFC4.2.0.00.BSP.solution=PA6
PF0-OSC_IN.Signal=RCC_OSC_IN
STMicroelectronics.X-CUBE-NFC4.2.0.00.BSP.condition=SEMBoardOoSupportJjCustomJjNFCTAG
SH.GPXTI1.ConfNb=1
STMicroelectronics.X-CUBE-NFC4.2.0.00.BSP.semaphore=
PF1-OSC_OUT.Mode=HSE-External-Oscillator
RCC.APB1Freq_Value=48000000
ProjectManager.CustomerFirmwarePackage=
ProjectManager.DeviceId=STM32F070F6Px
PF1-OSC_OUT.Signal=RCC_OSC_OUT
ProjectManager.LibraryCopy=1
PB1.GPIOParameters=GPIO_Label
NVIC.EXTI0_1_IRQn=true\:0\:0\:false\:false\:true\:true\:true
STMicroelectronics.X-CUBE-NFC4.2.0.00.BSP.mode=Output
PA6.Locked=true
